
Microsoft Visual Studio Solution File, Format Version 12.00
# Visual Studio Version 17
VisualStudioVersion = 17.10.35122.118
MinimumVisualStudioVersion = 10.0.40219.1
Project("{9A19103F-16F7-4668-BE54-9A1E7A4F7556}") = "WebApplication1", "WebApplication1\WebApplication1.csproj", "{A94A73A1-BEA4-4D75-B8CC-216E7FD9E731}"
EndProject
Project("{E53339B2-1760-4266-BCC7-CA923CBCF16C}") = "docker-compose", "docker-compose.dcproj", "{B57DA237-5649-423D-B806-3895209D944C}"
EndProject
Project("{FAE04EC0-301F-11D3-BF4B-00C04F79EFBC}") = "APIGateWay", "APIGateWay\APIGateWay.csproj", "{2ACC442E-626C-420A-8EF1-9D9346369B26}"
EndProject
Global
	GlobalSection(SolutionConfigurationPlatforms) = preSolution
		Debug|Any CPU = Debug|Any CPU
		Release|Any CPU = Release|Any CPU
	EndGlobalSection
	GlobalSection(ProjectConfigurationPlatforms) = postSolution
		{A94A73A1-BEA4-4D75-B8CC-216E7FD9E731}.Debug|Any CPU.ActiveCfg = Debug|Any CPU
		{A94A73A1-BEA4-4D75-B8CC-216E7FD9E731}.Debug|Any CPU.Build.0 = Debug|Any CPU
		{A94A73A1-BEA4-4D75-B8CC-216E7FD9E731}.Release|Any CPU.ActiveCfg = Release|Any CPU
		{A94A73A1-BEA4-4D75-B8CC-216E7FD9E731}.Release|Any CPU.Build.0 = Release|Any CPU
		{B57DA237-5649-423D-B806-3895209D944C}.Debug|Any CPU.ActiveCfg = Debug|Any CPU
		{B57DA237-5649-423D-B806-3895209D944C}.Debug|Any CPU.Build.0 = Debug|Any CPU
		{B57DA237-5649-423D-B806-3895209D944C}.Release|Any CPU.ActiveCfg = Release|Any CPU
		{B57DA237-5649-423D-B806-3895209D944C}.Release|Any CPU.Build.0 = Release|Any CPU
		{2ACC442E-626C-420A-8EF1-9D9346369B26}.Debug|Any CPU.ActiveCfg = Debug|Any CPU
		{2ACC442E-626C-420A-8EF1-9D9346369B26}.Debug|Any CPU.Build.0 = Debug|Any CPU
		{2ACC442E-626C-420A-8EF1-9D9346369B26}.Release|Any CPU.ActiveCfg = Release|Any CPU
		{2ACC442E-626C-420A-8EF1-9D9346369B26}.Release|Any CPU.Build.0 = Release|Any CPU
	EndGlobalSection
	GlobalSection(SolutionProperties) = preSolution
		HideSolutionNode = FALSE
	EndGlobalSection
	GlobalSection(ExtensibilityGlobals) = postSolution
		SolutionGuid = {6C82C0B1-156F-4EF9-A604-BD041DBA1D9E}
	EndGlobalSection
EndGlobal
